PODS:
  - BigViewModel (1.0.0)
  - Expecta (1.0.5)
  - Specta (1.0.5)

DEPENDENCIES:
  - BigViewModel (from `../`)
  - Expecta
  - Specta

EXTERNAL SOURCES:
  BigViewModel:
    :path: "../"

SPEC CHECKSUMS:
  BigViewModel: 03d1e19dcb7ebdb9524919004134d66c64b1a096
  Expecta: e1c022fcd33910b6be89c291d2775b3fe27a89fe
  Specta: ac94d110b865115fe60ff2c6d7281053c6f8e8a2

PODFILE CHECKSUM: d3d847f117c0a09b5b389249566e78e3edb85550

COCOAPODS: 1.0.1
